# THIS IS AN AUTOGENERATED FILE. DO NOT EDIT THIS FILE DIRECTLY.
# yarn lockfile v1


"@esbuild/linux-loong64@0.15.4":
  version "0.15.4"
  resolved "https://registry.yarnpkg.com/@esbuild/linux-loong64/-/linux-loong64-0.15.4.tgz#aa5933e9f6a45bc0a61be0c72916e24aa2af3f28"
  integrity sha512-6uFuTbBbdBk7lbW8lb5jaEqrCyiJa+wb+Sfcr0FJNGgWHnUY0RvXbkqQj/OaDEyu0vrMvfbD27fbyRySK0muUw==

"@hotwired/stimulus@^3.1.0":
  version "3.1.0"
  resolved "https://registry.yarnpkg.com/@hotwired/stimulus/-/stimulus-3.1.0.tgz#20215251e5afe6e0a3787285181ba1bfc9097df0"
  integrity sha512-iDMHUhiEJ1xFeicyHcZQQgBzhtk5mPR0QZO3L6wtqzMsJEk2TKECuCQTGKjm+KJTHVY0dKq1dOOAWvODjpd2Mg==

"@hotwired/turbo-rails@^7.1.3":
  version "7.1.3"
  resolved "https://registry.yarnpkg.com/@hotwired/turbo-rails/-/turbo-rails-7.1.3.tgz#a4e04ecb800a06e7f9aa6e298170fa4580b74216"
  integrity sha512-6qKgn75bMWKx0bJgmSfrdC73EJkGLoSWZPAssvcd3nE7ZpDZff6f67j5OQNjjpRgNB7OFruom6VWguGQGu1fQg==
  dependencies:
    "@hotwired/turbo" "^7.1.0"
    "@rails/actioncable" "^7.0"

"@hotwired/turbo@^7.1.0":
  version "7.1.0"
  resolved "https://registry.yarnpkg.com/@hotwired/turbo/-/turbo-7.1.0.tgz#27e44e0e3dc5bd1d4bda0766d579cf5a14091cd7"
  integrity sha512-Q8kGjqwPqER+CtpQudbH+3Zgs2X4zb6pBAlr6NsKTXadg45pAOvxI9i4QpuHbwSzR2+x87HUm+rot9F/Pe8rxA==

"@popperjs/core@^2.11.6":
  version "2.11.6"
  resolved "https://registry.yarnpkg.com/@popperjs/core/-/core-2.11.6.tgz#cee20bd55e68a1720bdab363ecf0c821ded4cd45"
  integrity sha512-50/17A98tWUfQ176raKiOGXuYpLyyVMkxxG6oylzL3BPOlA6ADGdK7EYunSa4I064xerltq9TGXs8HmOk5E+vw==

"@rails/actioncable@^7.0":
  version "7.0.2"
  resolved "https://registry.yarnpkg.com/@rails/actioncable/-/actioncable-7.0.2.tgz#69a6d999f4087e0537dd38fe0963db1f4305d650"
  integrity sha512-G26maXW1Kx0LxQdmNNuNjQlRO/QlXNr3QfuwKiOKb5FZQGYe2OwtHTGXBAjSoiu4dW36XYMT/+L1Wo1Yov4ZXA==

anymatch@~3.1.2:
  version "3.1.2"
  resolved "https://registry.yarnpkg.com/anymatch/-/anymatch-3.1.2.tgz#c0557c096af32f106198f4f4e2a383537e378716"
  integrity sha512-P43ePfOAIupkguHUycrc4qJ9kz8ZiuOUijaETwX7THt0Y/GNK7v0aa8rY816xWjZ7rJdA5XdMcpVFTKMq+RvWg==
  dependencies:
    normalize-path "^3.0.0"
    picomatch "^2.0.4"

binary-extensions@^2.0.0:
  version "2.2.0"
  resolved "https://registry.yarnpkg.com/binary-extensions/-/binary-extensions-2.2.0.tgz#75f502eeaf9ffde42fc98829645be4ea76bd9e2d"
  integrity sha512-jDctJ/IVQbZoJykoeHbhXpOlNBqGNcwXJKJog42E5HDPUwQTSdjCHdihjj0DlnheQ7blbT6dHOafNAiS8ooQKA==

bootstrap-icons@^1.9.1:
  version "1.9.1"
  resolved "https://registry.yarnpkg.com/bootstrap-icons/-/bootstrap-icons-1.9.1.tgz#cf22d91a25447645e45c49ebde4e56eafdfe761b"
  integrity sha512-d4ZkO30MIkAhQ2nNRJqKXJVEQorALGbLWTuRxyCTJF96lRIV6imcgMehWGJUiJMJhglN0o2tqLIeDnMdiQEE9g==

bootstrap@^5.2.0:
  version "5.2.0"
  resolved "https://registry.yarnpkg.com/bootstrap/-/bootstrap-5.2.0.tgz#838727fb60f1630db370fe57c63cbcf2962bb3d3"
  integrity sha512-qlnS9GL6YZE6Wnef46GxGv1UpGGzAwO0aPL1yOjzDIJpeApeMvqV24iL+pjr2kU4dduoBA9fINKWKgMToobx9A==

braces@~3.0.2:
  version "3.0.2"
  resolved "https://registry.yarnpkg.com/braces/-/braces-3.0.2.tgz#3454e1a462ee8d599e236df336cd9ea4f8afe107"
  integrity sha512-b8um+L1RzM3WDSzvhm6gIz1yfTbBt6YTlcEKAvsmqCZZFw46z626lVj9j1yEPW33H5H+lBQpZMP1k8l+78Ha0A==
  dependencies:
    fill-range "^7.0.1"

"chokidar@>=3.0.0 <4.0.0":
  version "3.5.3"
  resolved "https://registry.yarnpkg.com/chokidar/-/chokidar-3.5.3.tgz#1cf37c8707b932bd1af1ae22c0432e2acd1903bd"
  integrity sha512-Dr3sfKRP6oTcjf2JmUmFJfeVMvXBdegxB0iVQ5eb2V10uFJUCAS8OByZdVAyVb8xXNz3GjjTgj9kLWsZTqE6kw==
  dependencies:
    anymatch "~3.1.2"
    braces "~3.0.2"
    glob-parent "~5.1.2"
    is-binary-path "~2.1.0"
    is-glob "~4.0.1"
    normalize-path "~3.0.0"
    readdirp "~3.6.0"
  optionalDependencies:
    fsevents "~2.3.2"

esbuild-android-64@0.15.4:
  version "0.15.4"
  resolved "https://registry.yarnpkg.com/esbuild-android-64/-/esbuild-android-64-0.15.4.tgz#e2b4a40620fd67bbeb4cfbd8c3fcdf5c28bd77dd"
  integrity sha512-Phl8srrfwgWC/aZsR2HK5FVMK9XY9T8Qi2lO76/N7OpxODnlF4PUx43gm+CdseAvY8Y58BEUXYdiajA4oP3WEg==

esbuild-android-arm64@0.15.4:
  version "0.15.4"
  resolved "https://registry.yarnpkg.com/esbuild-android-arm64/-/esbuild-android-arm64-0.15.4.tgz#7ca3899bebb9dfaea1b7177671f6968c63a18726"
  integrity sha512-2VHCcYm0prP5qFV4fSZwml6/fCk2vqLlJtkt0V9VB2LVSckaa5Fmk4iP4Yo7N+U6GpkG0VBi1D3j+WRbh7NNTA==

esbuild-darwin-64@0.15.4:
  version "0.15.4"
  resolved "https://registry.yarnpkg.com/esbuild-darwin-64/-/esbuild-darwin-64-0.15.4.tgz#e465c54af321717c72caf3a9e4802c7eb8327332"
  integrity sha512-UpGsrCmNFdFRzDdorWoU5Sqi1BiKBQw2pC+3y0Fzue5xffWHuDuXrCK3EfNEVLlipRcopgINtmSop068y5sR8w==

esbuild-darwin-arm64@0.15.4:
  version "0.15.4"
  resolved "https://registry.yarnpkg.com/esbuild-darwin-arm64/-/esbuild-darwin-arm64-0.15.4.tgz#e8f5f4f5a9f1abe4b33742bfe8cd04df3d8a43eb"
  integrity sha512-pTPxb/Hhpj7GYA5eFL1AMw14qtpglR0nioKW6GTkkFuW/RJimk4w10oSIAU/XhiRz4CHtRwBXqkuoBlrwzjlWQ==

esbuild-freebsd-64@0.15.4:
  version "0.15.4"
  resolved "https://registry.yarnpkg.com/esbuild-freebsd-64/-/esbuild-freebsd-64-0.15.4.tgz#198f13aa4dddc2ce2664cc16dd07a06f82652d62"
  integrity sha512-sLdEx/zsdHwmYRwggluSVvJt51yDXRDsCSjDj/nqi9vZXyPn1YPRSz+G+c7eBgVp/bttsi3pCQTpmUN9+iIvGg==

esbuild-freebsd-arm64@0.15.4:
  version "0.15.4"
  resolved "https://registry.yarnpkg.com/esbuild-freebsd-arm64/-/esbuild-freebsd-arm64-0.15.4.tgz#f2e88620af74aa18f8cef2eaa452bc5fc64700cf"
  integrity sha512-M0FPT9UUvNsqLbZxmxqhOA0jYzaCUIklXsV6wc+WCKnyZnKf7PisugPp6OwkbRnQs7uHbOopMABgBGq3dio/Yw==

esbuild-linux-32@0.15.4:
  version "0.15.4"
  resolved "https://registry.yarnpkg.com/esbuild-linux-32/-/esbuild-linux-32-0.15.4.tgz#bd0958b3b01d0089a4fb9d3fd77d0e4c5ec220d4"
  integrity sha512-LbkSPE9I3JqY8/2Nt5Hv8C7f4YgcVLXkWZtg2eL26SP647UfN00AnZIGZTvMnPoAyUuD3XAF870iIugyfeNwtA==

esbuild-linux-64@0.15.4:
  version "0.15.4"
  resolved "https://registry.yarnpkg.com/esbuild-linux-64/-/esbuild-linux-64-0.15.4.tgz#5a2e56a1094eddaa46f2cf57144f8089546c4fef"
  integrity sha512-v1dRx4MKPUgKbA5FNT+rYz/E+t9TSP/qCCC12m2Iv4SWCzCpTw4mBdoRLC6jgjuRWy2OZ+2MTYHLSEODMBFTEg==

esbuild-linux-arm64@0.15.4:
  version "0.15.4"
  resolved "https://registry.yarnpkg.com/esbuild-linux-arm64/-/esbuild-linux-arm64-0.15.4.tgz#339dd655fa652389ca4c5b31df30a779641b500f"
  integrity sha512-rhqtX2q/W4q0OevlQcZ4XAbtFfgbZjSynSKIKgtXAtRVQaG57YFiT5O1UVy2aD32g1gsAIbRBLlAg+jFBEkkbg==

esbuild-linux-arm@0.15.4:
  version "0.15.4"
  resolved "https://registry.yarnpkg.com/esbuild-linux-arm/-/esbuild-linux-arm-0.15.4.tgz#234c9e6dae931c5a817d9b08cf7036c65b42f322"
  integrity sha512-+lF+uk/knaZHRIWS50s/JEutmt7GWNly2IbfyEUEFHV+3fnnOz2UzRDLXFW7y6+3R04zrTncypNeK7w1V+Q/2A==

esbuild-linux-mips64le@0.15.4:
  version "0.15.4"
  resolved "https://registry.yarnpkg.com/esbuild-linux-mips64le/-/esbuild-linux-mips64le-0.15.4.tgz#d83f8ae0772cc76ffe3cc47f8aa3ec45ba92d788"
  integrity sha512-tygMDy0+Rf3D7mhQGXjyCFDj2+WJREvXASnwwmAiflUYZTTexXybZLqzSArob5p+ulaRKr8ZUE/edBNDStKoqw==

esbuild-linux-ppc64le@0.15.4:
  version "0.15.4"
  resolved "https://registry.yarnpkg.com/esbuild-linux-ppc64le/-/esbuild-linux-ppc64le-0.15.4.tgz#d8ddcf9ad76c10ad8f20eebcb90b3a0d30d9a4da"
  integrity sha512-CcAJjc6gKvML7n76aUQJEvz3hDMm1tnb9ZirInTjETJ0XGrw/JaZzKTnsa3NBlEtO/hZnN+xSHif8IqUCJcY0w==

esbuild-linux-riscv64@0.15.4:
  version "0.15.4"
  resolved "https://registry.yarnpkg.com/esbuild-linux-riscv64/-/esbuild-linux-riscv64-0.15.4.tgz#c1dbdf9456fdeb863b5b89d5d1744957f3651155"
  integrity sha512-GSbnazL7/1ngcoZ7I8jklnO01DXukAM1vQnTZnraqzsP+SwfpkuZBp+qU856wYJZZauNAC0Y0hZrgeiVJt0nRw==

esbuild-linux-s390x@0.15.4:
  version "0.15.4"
  resolved "https://registry.yarnpkg.com/esbuild-linux-s390x/-/esbuild-linux-s390x-0.15.4.tgz#13998238a6d78b23ee547f59562cbbcb582bc0b1"
  integrity sha512-TRRuxc7qgYcYUae8EH6RgKkrsQ2AITDrt4FOLqvrYm32/63a/9Q17Gfu9hZFI5uEOqgd1l0rlWXJdJYm4S9Yug==

esbuild-netbsd-64@0.15.4:
  version "0.15.4"
  resolved "https://registry.yarnpkg.com/esbuild-netbsd-64/-/esbuild-netbsd-64-0.15.4.tgz#9fbc6f86da14e686eb22bcbb33342827335811cb"
  integrity sha512-bOZ4E9nnmCpR8kekPe5fFZ0/vsZWWFUcNOrIu1gw2Yli74ALxkdijFT2m9JnfHQJCreFXUsNlYrzO2vD/ZTfKQ==

esbuild-openbsd-64@0.15.4:
  version "0.15.4"
  resolved "https://registry.yarnpkg.com/esbuild-openbsd-64/-/esbuild-openbsd-64-0.15.4.tgz#eb04fef1b85a6226adad782a3ebc4b191778e9c0"
  integrity sha512-BvhLa8uHcVzdO492LGMfX9DjgZhhdjOSNSr6FizzpAwiQWE50RDoJ3G4VC6uQ1dULx/w+NtqeZP6hXOiahxrMw==

esbuild-sunos-64@0.15.4:
  version "0.15.4"
  resolved "https://registry.yarnpkg.com/esbuild-sunos-64/-/esbuild-sunos-64-0.15.4.tgz#2cd5b1ebe9453559be04da1eeb9f32e0fba62158"
  integrity sha512-OnUVLjAmZK66gatr9Ft9zY1Xb+wzrJrhwiuW6VlAOGZg1uFC20JziySGzQ3t5VtmIiMbbV8SUgxsMz2jJ/gI5Q==

esbuild-windows-32@0.15.4:
  version "0.15.4"
  resolved "https://registry.yarnpkg.com/esbuild-windows-32/-/esbuild-windows-32-0.15.4.tgz#c9b0565a86b2ba9eab7a4f73ec7f760d960ce034"
  integrity sha512-W8OLh+RoQfXKCyU5tMiRSVm68JWv1bNA90zXr8lSvaICqfjYV+YOsVWSI+HvU8gfYaePQNlhKrSIpf/t3qtFbA==

esbuild-windows-64@0.15.4:
  version "0.15.4"
  resolved "https://registry.yarnpkg.com/esbuild-windows-64/-/esbuild-windows-64-0.15.4.tgz#ac71666516d7504758afe12ffc9bcad041e2b803"
  integrity sha512-3//ZfrtStFrQzQyCU1gmdpFCa3aC9WJ2NPNu1D1faw1Op8coUdMOTzyKfy7eycPdmsALUAvla0PhgAvlvy0k5Q==

esbuild-windows-arm64@0.15.4:
  version "0.15.4"
  resolved "https://registry.yarnpkg.com/esbuild-windows-arm64/-/esbuild-windows-arm64-0.15.4.tgz#762d65093eedef747ca86ddd7394bb0816775306"
  integrity sha512-OOb9RI0wlweBoHB1nrB/93h6Fnz6u89OzPe8zh6sp8+yNUzB15/eUmdZwLNjCrY9kJUWZ3JnRcLXxJeqot4W+w==

esbuild@^0.15.4:
  version "0.15.4"
  resolved "https://registry.yarnpkg.com/esbuild/-/esbuild-0.15.4.tgz#ec5ac8d2be1b36d49fef0af1ba6e71f4b189e52a"
  integrity sha512-wSQJWQXCuQhRnRQQUNZpj8oyYJTvjFCuYzAOt07SWX9hLaA+idr3BWTTj8S2k7Fldhbkfpb4DYJTO3RWRhxKbA==
  optionalDependencies:
    "@esbuild/linux-loong64" "0.15.4"
    esbuild-android-64 "0.15.4"
    esbuild-android-arm64 "0.15.4"
    esbuild-darwin-64 "0.15.4"
    esbuild-darwin-arm64 "0.15.4"
    esbuild-freebsd-64 "0.15.4"
    esbuild-freebsd-arm64 "0.15.4"
    esbuild-linux-32 "0.15.4"
    esbuild-linux-64 "0.15.4"
    esbuild-linux-arm "0.15.4"
    esbuild-linux-arm64 "0.15.4"
    esbuild-linux-mips64le "0.15.4"
    esbuild-linux-ppc64le "0.15.4"
    esbuild-linux-riscv64 "0.15.4"
    esbuild-linux-s390x "0.15.4"
    esbuild-netbsd-64 "0.15.4"
    esbuild-openbsd-64 "0.15.4"
    esbuild-sunos-64 "0.15.4"
    esbuild-windows-32 "0.15.4"
    esbuild-windows-64 "0.15.4"
    esbuild-windows-arm64 "0.15.4"

fill-range@^7.0.1:
  version "7.0.1"
  resolved "https://registry.yarnpkg.com/fill-range/-/fill-range-7.0.1.tgz#1919a6a7c75fe38b2c7c77e5198535da9acdda40"
  integrity sha512-qOo9F+dMUmC2Lcb4BbVvnKJxTPjCm+RRpe4gDuGrzkL7mEVl/djYSu2OdQ2Pa302N4oqkSg9ir6jaLWJ2USVpQ==
  dependencies:
    to-regex-range "^5.0.1"

fsevents@~2.3.2:
  version "2.3.2"
  resolved "https://registry.yarnpkg.com/fsevents/-/fsevents-2.3.2.tgz#8a526f78b8fdf4623b709e0b975c52c24c02fd1a"
  integrity sha512-xiqMQR4xAeHTuB9uWm+fFRcIOgKBMiOBP+eXiyT7jsgVCq1bkVygt00oASowB7EdtpOHaaPgKt812P9ab+DDKA==

glob-parent@~5.1.2:
  version "5.1.2"
  resolved "https://registry.yarnpkg.com/glob-parent/-/glob-parent-5.1.2.tgz#869832c58034fe68a4093c17dc15e8340d8401c4"
  integrity sha512-AOIgSQCepiJYwP3ARnGx+5VnTu2HBYdzbGP45eLw1vr3zB3vZLeyed1sC9hnbcOc9/SrMyM5RPQrkGz4aS9Zow==
  dependencies:
    is-glob "^4.0.1"

immutable@^4.0.0:
  version "4.0.0"
  resolved "https://registry.yarnpkg.com/immutable/-/immutable-4.0.0.tgz#b86f78de6adef3608395efb269a91462797e2c23"
  integrity sha512-zIE9hX70qew5qTUjSS7wi1iwj/l7+m54KWU247nhM3v806UdGj1yDndXj+IOYxxtW9zyLI+xqFNZjTuDaLUqFw==

is-binary-path@~2.1.0:
  version "2.1.0"
  resolved "https://registry.yarnpkg.com/is-binary-path/-/is-binary-path-2.1.0.tgz#ea1f7f3b80f064236e83470f86c09c254fb45b09"
  integrity sha512-ZMERYes6pDydyuGidse7OsHxtbI7WVeUEozgR/g7rd0xUimYNlvZRE/K2MgZTjWy725IfelLeVcEM97mmtRGXw==
  dependencies:
    binary-extensions "^2.0.0"

is-extglob@^2.1.1:
  version "2.1.1"
  resolved "https://registry.yarnpkg.com/is-extglob/-/is-extglob-2.1.1.tgz#a88c02535791f02ed37c76a1b9ea9773c833f8c2"
  integrity sha1-qIwCU1eR8C7TfHahueqXc8gz+MI=

is-glob@^4.0.1, is-glob@~4.0.1:
  version "4.0.3"
  resolved "https://registry.yarnpkg.com/is-glob/-/is-glob-4.0.3.tgz#64f61e42cbbb2eec2071a9dac0b28ba1e65d5084"
  integrity sha512-xelSayHH36ZgE7ZWhli7pW34hNbNl8Ojv5KVmkJD4hBdD3th8Tfk9vYasLM+mXWOZhFkgZfxhLSnrwRr4elSSg==
  dependencies:
    is-extglob "^2.1.1"

is-number@^7.0.0:
  version "7.0.0"
  resolved "https://registry.yarnpkg.com/is-number/-/is-number-7.0.0.tgz#7535345b896734d5f80c4d06c50955527a14f12b"
  integrity sha512-41Cifkg6e8TylSpdtTpeLVMqvSBEVzTttHvERD741+pnZ8ANv0004MRL43QKPDlK9cGvNp6NZWZUBlbGXYxxng==

normalize-path@^3.0.0, normalize-path@~3.0.0:
  version "3.0.0"
  resolved "https://registry.yarnpkg.com/normalize-path/-/normalize-path-3.0.0.tgz#0dcd69ff23a1c9b11fd0978316644a0388216a65"
  integrity sha512-6eZs5Ls3WtCisHWp9S2GUy8dqkpGi4BVSz3GaqiE6ezub0512ESztXUwUB6C6IKbQkY2Pnb/mD4WYojCRwcwLA==

picomatch@^2.0.4, picomatch@^2.2.1:
  version "2.3.1"
  resolved "https://registry.yarnpkg.com/picomatch/-/picomatch-2.3.1.tgz#3ba3833733646d9d3e4995946c1365a67fb07a42"
  integrity sha512-JU3teHTNjmE2VCGFzuY8EXzCDVwEqB2a8fsIvwaStHhAWJEeVd1o1QD80CU6+ZdEXXSLbSsuLwJjkCBWqRQUVA==

readdirp@~3.6.0:
  version "3.6.0"
  resolved "https://registry.yarnpkg.com/readdirp/-/readdirp-3.6.0.tgz#74a370bd857116e245b29cc97340cd431a02a6c7"
  integrity sha512-hOS089on8RduqdbhvQ5Z37A0ESjsqz6qnRcffsMU3495FuTdqSm+7bhJ29JvIOsBDEEnan5DPu9t3To9VRlMzA==
  dependencies:
    picomatch "^2.2.1"

sass@^1.54.4:
  version "1.54.4"
  resolved "https://registry.yarnpkg.com/sass/-/sass-1.54.4.tgz#803ff2fef5525f1dd01670c3915b4b68b6cba72d"
  integrity sha512-3tmF16yvnBwtlPrNBHw/H907j8MlOX8aTBnlNX1yrKx24RKcJGPyLhFUwkoKBKesR3unP93/2z14Ll8NicwQUA==
  dependencies:
    chokidar ">=3.0.0 <4.0.0"
    immutable "^4.0.0"
    source-map-js ">=0.6.2 <2.0.0"

"source-map-js@>=0.6.2 <2.0.0":
  version "1.0.2"
  resolved "https://registry.yarnpkg.com/source-map-js/-/source-map-js-1.0.2.tgz#adbc361d9c62df380125e7f161f71c826f1e490c"
  integrity sha512-R0XvVJ9WusLiqTCEiGCmICCMplcCkIwwR11mOSD9CR5u+IXYdiseeEuXCVAjS54zqwkLcPNnmU4OeJ6tUrWhDw==

to-regex-range@^5.0.1:
  version "5.0.1"
  resolved "https://registry.yarnpkg.com/to-regex-range/-/to-regex-range-5.0.1.tgz#1648c44aae7c8d988a326018ed72f5b4dd0392e4"
  integrity sha512-65P7iz6X5yEr1cwcgvQxbbIw7Uk3gOy5dIdtZ4rDveLqhrdJP+Li/Hx6tyK0NEb+2GCyneCMJiGqrADCSNk8sQ==
  dependencies:
    is-number "^7.0.0"
